
Microsoft Visual Studio Solution File, Format Version 12.00
# Visual Studio Version 17
VisualStudioVersion = 17.10.34902.84
MinimumVisualStudioVersion = 10.0.40219.1
Project("{9A19103F-16F7-4668-BE54-9A1E7A4F7556}") = "Courier-Management-System", "Courier-Management-System\Courier-Management-System.csproj", "{92CF8829-0E83-4DA1-B74F-66DEC6BBD62E}"
EndProject
Project("{FAE04EC0-301F-11D3-BF4B-00C04F79EFBC}") = "Courier-Management-System.AppHost", "Courier-Management-System.AppHost\Courier-Management-System.AppHost.csproj", "{78CF6394-9BEC-4E0B-8942-C9CA03B5BCA0}"
EndProject
Project("{9A19103F-16F7-4668-BE54-9A1E7A4F7556}") = "Courier-Management-System.ServiceDefaults", "Courier-Management-System.ServiceDefaults\Courier-Management-System.ServiceDefaults.csproj", "{A80EE093-0675-4486-ABD3-17955E2B3367}"
EndProject
Global
	GlobalSection(SolutionConfigurationPlatforms) = preSolution
		Debug|Any CPU = Debug|Any CPU
		Release|Any CPU = Release|Any CPU
	EndGlobalSection
	GlobalSection(ProjectConfigurationPlatforms) = postSolution
		{92CF8829-0E83-4DA1-B74F-66DEC6BBD62E}.Debug|Any CPU.ActiveCfg = Debug|Any CPU
		{92CF8829-0E83-4DA1-B74F-66DEC6BBD62E}.Debug|Any CPU.Build.0 = Debug|Any CPU
		{92CF8829-0E83-4DA1-B74F-66DEC6BBD62E}.Release|Any CPU.ActiveCfg = Release|Any CPU
		{92CF8829-0E83-4DA1-B74F-66DEC6BBD62E}.Release|Any CPU.Build.0 = Release|Any CPU
		{78CF6394-9BEC-4E0B-8942-C9CA03B5BCA0}.Debug|Any CPU.ActiveCfg = Debug|Any CPU
		{78CF6394-9BEC-4E0B-8942-C9CA03B5BCA0}.Debug|Any CPU.Build.0 = Debug|Any CPU
		{78CF6394-9BEC-4E0B-8942-C9CA03B5BCA0}.Release|Any CPU.ActiveCfg = Release|Any CPU
		{78CF6394-9BEC-4E0B-8942-C9CA03B5BCA0}.Release|Any CPU.Build.0 = Release|Any CPU
		{A80EE093-0675-4486-ABD3-17955E2B3367}.Debug|Any CPU.ActiveCfg = Debug|Any CPU
		{A80EE093-0675-4486-ABD3-17955E2B3367}.Debug|Any CPU.Build.0 = Debug|Any CPU
		{A80EE093-0675-4486-ABD3-17955E2B3367}.Release|Any CPU.ActiveCfg = Release|Any CPU
		{A80EE093-0675-4486-ABD3-17955E2B3367}.Release|Any CPU.Build.0 = Release|Any CPU
	EndGlobalSection
	GlobalSection(SolutionProperties) = preSolution
		HideSolutionNode = FALSE
	EndGlobalSection
	GlobalSection(ExtensibilityGlobals) = postSolution
		SolutionGuid = {41AF3D34-CE40-472F-8D23-1A83EED9E039}
	EndGlobalSection
EndGlobal
